
Microsoft Visual Studio Solution File, Format Version 12.00
# Visual Studio Version 17
VisualStudioVersion = 17.4.33205.214
MinimumVisualStudioVersion = 10.0.40219.1
Project("{FAE04EC0-301F-11D3-BF4B-00C04F79EFBC}") = "SteamAutorization_Test", "SteamAutorization_Test\SteamAutorization_Test.csproj", "{4174A471-BCDC-4C13-B14E-EF2D1BA2CCFF}"
EndProject
Global
	GlobalSection(SolutionConfigurationPlatforms) = preSolution
		Debug|Any CPU = Debug|Any CPU
		Release|Any CPU = Release|Any CPU
	EndGlobalSection
	GlobalSection(ProjectConfigurationPlatforms) = postSolution
		{4174A471-BCDC-4C13-B14E-EF2D1BA2CCFF}.Debug|Any CPU.ActiveCfg = Debug|Any CPU
		{4174A471-BCDC-4C13-B14E-EF2D1BA2CCFF}.Debug|Any CPU.Build.0 = Debug|Any CPU
		{4174A471-BCDC-4C13-B14E-EF2D1BA2CCFF}.Release|Any CPU.ActiveCfg = Release|Any CPU
		{4174A471-BCDC-4C13-B14E-EF2D1BA2CCFF}.Release|Any CPU.Build.0 = Release|Any CPU
	EndGlobalSection
	GlobalSection(SolutionProperties) = preSolution
		HideSolutionNode = FALSE
	EndGlobalSection
	GlobalSection(ExtensibilityGlobals) = postSolution
		SolutionGuid = {C5111E8C-136F-4B8A-9313-11110DF437BD}
	EndGlobalSection
EndGlobal
